
Microsoft Visual Studio Solution File, Format Version 12.00
# Visual Studio Version 16
VisualStudioVersion = 16.0.30204.135
MinimumVisualStudioVersion = 10.0.40219.1
Project("{FAE04EC0-301F-11D3-BF4B-00C04F79EFBC}") = "AssessmentTask", "AssessmentTask.csproj", "{A7155461-D902-4AA4-8665-9A2206203BB1}"
EndProject
Global
	GlobalSection(SolutionConfigurationPlatforms) = preSolution
		Debug|Any CPU = Debug|Any CPU
		Release|Any CPU = Release|Any CPU
	EndGlobalSection
	GlobalSection(ProjectConfigurationPlatforms) = postSolution
		{A7155461-D902-4AA4-8665-9A2206203BB1}.Debug|Any CPU.ActiveCfg = Debug|Any CPU
		{A7155461-D902-4AA4-8665-9A2206203BB1}.Debug|Any CPU.Build.0 = Debug|Any CPU
		{A7155461-D902-4AA4-8665-9A2206203BB1}.Release|Any CPU.ActiveCfg = Release|Any CPU
		{A7155461-D902-4AA4-8665-9A2206203BB1}.Release|Any CPU.Build.0 = Release|Any CPU
	EndGlobalSection
	GlobalSection(SolutionProperties) = preSolution
		HideSolutionNode = FALSE
	EndGlobalSection
	GlobalSection(ExtensibilityGlobals) = postSolution
		SolutionGuid = {9AE4EC37-8620-4E84-990C-FD69170CEB76}
	EndGlobalSection
EndGlobal
